
Microsoft Visual Studio Solution File, Format Version 12.00
# Visual Studio Version 17
VisualStudioVersion = 17.0.31912.275
MinimumVisualStudioVersion = 10.0.40219.1
Project("{888888A0-9F3D-457C-B088-3A5042F75D52}") = "CircularLinkedLists", "CircularLinkedLists\CircularLinkedLists.pyproj", "{FFEB39EC-5149-4A37-A017-F8E449793A36}"
EndProject
Global
	GlobalSection(SolutionConfigurationPlatforms) = preSolution
		Debug|Any CPU = Debug|Any CPU
		Release|Any CPU = Release|Any CPU
	EndGlobalSection
	GlobalSection(ProjectConfigurationPlatforms) = postSolution
		{FFEB39EC-5149-4A37-A017-F8E449793A36}.Debug|Any CPU.ActiveCfg = Debug|Any CPU
		{FFEB39EC-5149-4A37-A017-F8E449793A36}.Release|Any CPU.ActiveCfg = Release|Any CPU
	EndGlobalSection
	GlobalSection(SolutionProperties) = preSolution
		HideSolutionNode = FALSE
	EndGlobalSection
	GlobalSection(ExtensibilityGlobals) = postSolution
		SolutionGuid = {35E80071-5FEF-4A3C-85F9-88BAD20DA1D5}
	EndGlobalSection
EndGlobal
